{
  "name": "react-time-input-polyfill",
  "version": "1.0.0",
  "lockfileVersion": 1,
  "requires": true,
  "dependencies": {
    "time-input-polyfill": {
      "version": "1.0.7",
      "resolved": "https://registry.npmjs.org/time-input-polyfill/-/time-input-polyfill-1.0.7.tgz",
      "integrity": "sha512-CMnvvlzDMI0DJ8Z9eacSQQX/2Vbri40q5DbMOLDkC9+QF5RoGrU+W0496SzTJz0PYarnP/krgBk6FAkfSguoJg=="
    }
  }
}
